
Microsoft Visual Studio Solution File, Format Version 12.00
# Visual Studio 15
VisualStudioVersion = 15.0.28307.421
MinimumVisualStudioVersion = 10.0.40219.1
Project("{9A19103F-16F7-4668-BE54-9A1E7A4F7556}") = "AWSSabreLambda", "AWSSabreLambda\AWSSabreLambda.csproj", "{BE48E0CE-3C68-45E5-A838-0343362C3230}"
EndProject
Global
	GlobalSection(SolutionConfigurationPlatforms) = preSolution
		Debug|Any CPU = Debug|Any CPU
		Release|Any CPU = Release|Any CPU
	EndGlobalSection
	GlobalSection(ProjectConfigurationPlatforms) = postSolution
		{BE48E0CE-3C68-45E5-A838-0343362C3230}.Debug|Any CPU.ActiveCfg = Debug|Any CPU
		{BE48E0CE-3C68-45E5-A838-0343362C3230}.Debug|Any CPU.Build.0 = Debug|Any CPU
		{BE48E0CE-3C68-45E5-A838-0343362C3230}.Release|Any CPU.ActiveCfg = Release|Any CPU
		{BE48E0CE-3C68-45E5-A838-0343362C3230}.Release|Any CPU.Build.0 = Release|Any CPU
	EndGlobalSection
	GlobalSection(SolutionProperties) = preSolution
		HideSolutionNode = FALSE
	EndGlobalSection
	GlobalSection(ExtensibilityGlobals) = postSolution
		SolutionGuid = {E2B11ACC-8323-4706-AEA8-6A604EAF2D76}
	EndGlobalSection
EndGlobal
